
Microsoft Visual Studio Solution File, Format Version 12.00
# Visual Studio Version 16
VisualStudioVersion = 16.0.30011.22
MinimumVisualStudioVersion = 10.0.40219.1
Project("{FAE04EC0-301F-11D3-BF4B-00C04F79EFBC}") = "BricklinkSharp.Client", "BricklinkSharp.Client\BricklinkSharp.Client.csproj", "{8D6AABC9-8A3C-4AD3-A39D-DF5E6157AC82}"
EndProject
Project("{FAE04EC0-301F-11D3-BF4B-00C04F79EFBC}") = "BricklinkSharp.Demos", "BricklinkSharp.Demos\BricklinkSharp.Demos.csproj", "{1B2C43AB-61B1-4936-AAB9-162FB4C8F9C3}"
EndProject
Project("{FAE04EC0-301F-11D3-BF4B-00C04F79EFBC}") = "BricklinkSharp.Client.Tests", "BricklinkSharp.Client.Tests\BricklinkSharp.Client.Tests.csproj", "{95F6204B-1978-48C5-8D8F-1EA1D28183E8}"
EndProject
Global
	GlobalSection(SolutionConfigurationPlatforms) = preSolution
		Debug|Any CPU = Debug|Any CPU
		Release|Any CPU = Release|Any CPU
	EndGlobalSection
	GlobalSection(ProjectConfigurationPlatforms) = postSolution
		{8D6AABC9-8A3C-4AD3-A39D-DF5E6157AC82}.Debug|Any CPU.ActiveCfg = Debug|Any CPU
		{8D6AABC9-8A3C-4AD3-A39D-DF5E6157AC82}.Debug|Any CPU.Build.0 = Debug|Any CPU
		{8D6AABC9-8A3C-4AD3-A39D-DF5E6157AC82}.Release|Any CPU.ActiveCfg = Release|Any CPU
		{8D6AABC9-8A3C-4AD3-A39D-DF5E6157AC82}.Release|Any CPU.Build.0 = Release|Any CPU
		{1B2C43AB-61B1-4936-AAB9-162FB4C8F9C3}.Debug|Any CPU.ActiveCfg = Debug|Any CPU
		{1B2C43AB-61B1-4936-AAB9-162FB4C8F9C3}.Debug|Any CPU.Build.0 = Debug|Any CPU
		{1B2C43AB-61B1-4936-AAB9-162FB4C8F9C3}.Release|Any CPU.ActiveCfg = Release|Any CPU
		{1B2C43AB-61B1-4936-AAB9-162FB4C8F9C3}.Release|Any CPU.Build.0 = Release|Any CPU
		{95F6204B-1978-48C5-8D8F-1EA1D28183E8}.Debug|Any CPU.ActiveCfg = Debug|Any CPU
		{95F6204B-1978-48C5-8D8F-1EA1D28183E8}.Debug|Any CPU.Build.0 = Debug|Any CPU
		{95F6204B-1978-48C5-8D8F-1EA1D28183E8}.Release|Any CPU.ActiveCfg = Release|Any CPU
		{95F6204B-1978-48C5-8D8F-1EA1D28183E8}.Release|Any CPU.Build.0 = Release|Any CPU
	EndGlobalSection
	GlobalSection(SolutionProperties) = preSolution
		HideSolutionNode = FALSE
	EndGlobalSection
	GlobalSection(ExtensibilityGlobals) = postSolution
		SolutionGuid = {CF927E67-10D8-4ED7-B584-2285951A9FC8}
	EndGlobalSection
EndGlobal
